// !$*UTF8*$!
{
	archiveVersion = 1;
	classes = {
	};
	objectVersion = 50;
	objects = {

/* Begin PBXBuildFile section */
		ADE2CCA5C60D277EE4F2D0F7 /* Pods_RandomQuotes.framework in Frameworks */ = {isa = PBXBuildFile; fileRef = EC8F00E3225BA386E79F6B5F /* Pods_RandomQuotes.framework */; };
		AE4C4B7520D92466003AF2DB /* Quote.swift in Sources */ = {isa = PBXBuildFile; fileRef = AEF3343E20D43199008A081D /* Quote.swift */; };
		AE4C4B9E20D92D44003AF2DB /* Assets.xcassets in Resources */ = {isa = PBXBuildFile; fileRef = AE59E39120D40DB70041E002 /* Assets.xcassets */; };
		AE4DD45C20DAC2D600B6162D /* Interface.storyboard in Resources */ = {isa = PBXBuildFile; fileRef = AE4DD45A20DAC2D600B6162D /* Interface.storyboard */; };
		AE4DD45E20DAC2D900B6162D /* Assets.xcassets in Resources */ = {isa = PBXBuildFile; fileRef = AE4DD45D20DAC2D900B6162D /* Assets.xcassets */; };
		AE4DD46520DAC2D900B6162D /* RandomQuotes Watch Extension.appex in Embed App Extensions */ = {isa = PBXBuildFile; fileRef = AE4DD46420DAC2D900B6162D /* RandomQuotes Watch Extension.appex */; settings = {ATTRIBUTES = (RemoveHeadersOnCopy, ); }; };
		AE4DD46A20DAC2D900B6162D /* InterfaceController.swift in Sources */ = {isa = PBXBuildFile; fileRef = AE4DD46920DAC2D900B6162D /* InterfaceController.swift */; };
		AE4DD46C20DAC2D900B6162D /* ExtensionDelegate.swift in Sources */ = {isa = PBXBuildFile; fileRef = AE4DD46B20DAC2D900B6162D /* ExtensionDelegate.swift */; };
		AE4DD46E20DAC2D900B6162D /* NotificationController.swift in Sources */ = {isa = PBXBuildFile; fileRef = AE4DD46D20DAC2D900B6162D /* NotificationController.swift */; };
		AE4DD47020DAC2DA00B6162D /* Assets.xcassets in Resources */ = {isa = PBXBuildFile; fileRef = AE4DD46F20DAC2DA00B6162D /* Assets.xcassets */; };
		AE4DD47520DAC2DA00B6162D /* RandomQuotes Watch.app in Embed Watch Content */ = {isa = PBXBuildFile; fileRef = AE4DD45820DAC2D600B6162D /* RandomQuotes Watch.app */; };
		AE59E38B20D40DB40041E002 /* AppDelegate.swift in Sources */ = {isa = PBXBuildFile; fileRef = AE59E38A20D40DB40041E002 /* AppDelegate.swift */; };
		AE59E39020D40DB40041E002 /* Main.storyboard in Resources */ = {isa = PBXBuildFile; fileRef = AE59E38E20D40DB40041E002 /* Main.storyboard */; };
		AE59E39220D40DB70041E002 /* Assets.xcassets in Resources */ = {isa = PBXBuildFile; fileRef = AE59E39120D40DB70041E002 /* Assets.xcassets */; };
		AE59E39520D40DB70041E002 /* LaunchScreen.storyboard in Resources */ = {isa = PBXBuildFile; fileRef = AE59E39320D40DB70041E002 /* LaunchScreen.storyboard */; };
		AE88787520D82274001E6A24 /* Property List.plist in Resources */ = {isa = PBXBuildFile; fileRef = AE88787420D82274001E6A24 /* Property List.plist */; };
		AEDF4B1B20D8566200EE1C08 /* NotificationCenter.framework in Frameworks */ = {isa = PBXBuildFile; fileRef = AEDF4B1A20D8566200EE1C08 /* NotificationCenter.framework */; };
		AEDF4B1E20D8566200EE1C08 /* TodayViewController.swift in Sources */ = {isa = PBXBuildFile; fileRef = AEDF4B1D20D8566200EE1C08 /* TodayViewController.swift */; };
		AEDF4B2120D8566200EE1C08 /* MainInterface.storyboard in Resources */ = {isa = PBXBuildFile; fileRef = AEDF4B1F20D8566200EE1C08 /* MainInterface.storyboard */; };
		AEDF4B2520D8566200EE1C08 /* RandomQuotes Widget.appex in Embed App Extensions */ = {isa = PBXBuildFile; fileRef = AEDF4B1920D8566200EE1C08 /* RandomQuotes Widget.appex */; settings = {ATTRIBUTES = (RemoveHeadersOnCopy, ); }; };
		AEDF4B2B20D85D3B00EE1C08 /* UserDefaultsHandle.swift in Sources */ = {isa = PBXBuildFile; fileRef = AEDF4B2A20D85D3B00EE1C08 /* UserDefaultsHandle.swift */; };
		AEF3343F20D43199008A081D /* Quote.swift in Sources */ = {isa = PBXBuildFile; fileRef = AEF3343E20D43199008A081D /* Quote.swift */; };
		AEF3344120D43225008A081D /* Model.swift in Sources */ = {isa = PBXBuildFile; fileRef = AEF3344020D43225008A081D /* Model.swift */; };
		AEF3344320D453C4008A081D /* QuoteService.swift in Sources */ = {isa = PBXBuildFile; fileRef = AEF3344220D453C4008A081D /* QuoteService.swift */; };
		AEF3344520D45EF3008A081D /* QuoteViewController.swift in Sources */ = {isa = PBXBuildFile; fileRef = AEF3344420D45EF3008A081D /* QuoteViewController.swift */; };
		AEF3344920D4953B008A081D /* InternetConnection.swift in Sources */ = {isa = PBXBuildFile; fileRef = AEF3344820D4953B008A081D /* InternetConnection.swift */; };
/* End PBXBuildFile section */

/* Begin PBXContainerItemProxy section */
		AE4DD46620DAC2D900B6162D /* PBXContainerItemProxy */ = {
			isa = PBXContainerItemProxy;
			containerPortal = AE59E37F20D40DB40041E002 /* Project object */;
			proxyType = 1;
			remoteGlobalIDString = AE4DD46320DAC2D900B6162D;
			remoteInfo = "RandomQuotes Watch Extension";
		};
		AE4DD47320DAC2DA00B6162D /* PBXContainerItemProxy */ = {
			isa = PBXContainerItemProxy;
			containerPortal = AE59E37F20D40DB40041E002 /* Project object */;
			proxyType = 1;
			remoteGlobalIDString = AE4DD45720DAC2D600B6162D;
			remoteInfo = "RandomQuotes Watch";
		};
		AEDF4B2320D8566200EE1C08 /* PBXContainerItemProxy */ = {
			isa = PBXContainerItemProxy;
			containerPortal = AE59E37F20D40DB40041E002 /* Project object */;
			proxyType = 1;
			remoteGlobalIDString = AEDF4B1820D8566200EE1C08;
			remoteInfo = "RandomQuotes Widget";
		};
/* End PBXContainerItemProxy section */

/* Begin PBXCopyFilesBuildPhase section */
		AE4DD47B20DAC2DA00B6162D /* Embed App Extensions */ = {
			isa = PBXCopyFilesBuildPhase;
			buildActionMask = 2147483647;
			dstPath = "";
			dstSubfolderSpec = 13;
			files = (
				AE4DD46520DAC2D900B6162D /* RandomQuotes Watch Extension.appex in Embed App Extensions */,
			);
			name = "Embed App Extensions";
			runOnlyForDeploymentPostprocessing = 0;
		};
		AE4DD47D20DAC2DA00B6162D /* Embed Watch Content */ = {
			isa = PBXCopyFilesBuildPhase;
			buildActionMask = 2147483647;
			dstPath = "$(CONTENTS_FOLDER_PATH)/Watch";
			dstSubfolderSpec = 16;
			files = (
				AE4DD47520DAC2DA00B6162D /* RandomQuotes Watch.app in Embed Watch Content */,
			);
			name = "Embed Watch Content";
			runOnlyForDeploymentPostprocessing = 0;
		};
		AEDF4B2920D8566200EE1C08 /* Embed App Extensions */ = {
			isa = PBXCopyFilesBuildPhase;
			buildActionMask = 2147483647;
			dstPath = "";
			dstSubfolderSpec = 13;
			files = (
				AEDF4B2520D8566200EE1C08 /* RandomQuotes Widget.appex in Embed App Extensions */,
			);
			name = "Embed App Extensions";
			runOnlyForDeploymentPostprocessing = 0;
		};
/* End PBXCopyFilesBuildPhase section */

/* Begin PBXFileReference section */
		7BD8DB612EF85E3FF91CC144 /* Pods-RandomQuotes.release.xcconfig */ = {isa = PBXFileReference; includeInIndex = 1; lastKnownFileType = text.xcconfig; name = "Pods-RandomQuotes.release.xcconfig"; path = "Pods/Target Support Files/Pods-RandomQuotes/Pods-RandomQuotes.release.xcconfig"; sourceTree = "<group>"; };
		AE4C4B7620D9267D003AF2DB /* RandomQuotes Widget.entitlements */ = {isa = PBXFileReference; lastKnownFileType = text.plist.entitlements; path = "RandomQuotes Widget.entitlements"; sourceTree = "<group>"; };
		AE4DD45820DAC2D600B6162D /* RandomQuotes Watch.app */ = {isa = PBXFileReference; explicitFileType = wrapper.application; includeInIndex = 0; path = "RandomQuotes Watch.app"; sourceTree = BUILT_PRODUCTS_DIR; };
		AE4DD45B20DAC2D600B6162D /* Base */ = {isa = PBXFileReference; lastKnownFileType = file.storyboard; name = Base; path = Base.lproj/Interface.storyboard; sourceTree = "<group>"; };
		AE4DD45D20DAC2D900B6162D /* Assets.xcassets */ = {isa = PBXFileReference; lastKnownFileType = folder.assetcatalog; path = Assets.xcassets; sourceTree = "<group>"; };
		AE4DD45F20DAC2D900B6162D /* Info.plist */ = {isa = PBXFileReference; lastKnownFileType = text.plist.xml; path = Info.plist; sourceTree = "<group>"; };
		AE4DD46420DAC2D900B6162D /* RandomQuotes Watch Extension.appex */ = {isa = PBXFileReference; explicitFileType = "wrapper.app-extension"; includeInIndex = 0; path = "RandomQuotes Watch Extension.appex"; sourceTree = BUILT_PRODUCTS_DIR; };
		AE4DD46920DAC2D900B6162D /* InterfaceController.swift */ = {isa = PBXFileReference; lastKnownFileType = sourcecode.swift; path = InterfaceController.swift; sourceTree = "<group>"; };
		AE4DD46B20DAC2D900B6162D /* ExtensionDelegate.swift */ = {isa = PBXFileReference; lastKnownFileType = sourcecode.swift; path = ExtensionDelegate.swift; sourceTree = "<group>"; };
		AE4DD46D20DAC2D900B6162D /* NotificationController.swift */ = {isa = PBXFileReference; lastKnownFileType = sourcecode.swift; path = NotificationController.swift; sourceTree = "<group>"; };
		AE4DD46F20DAC2DA00B6162D /* Assets.xcassets */ = {isa = PBXFileReference; lastKnownFileType = folder.assetcatalog; path = Assets.xcassets; sourceTree = "<group>"; };
		AE4DD47120DAC2DA00B6162D /* Info.plist */ = {isa = PBXFileReference; lastKnownFileType = text.plist.xml; path = Info.plist; sourceTree = "<group>"; };
		AE4DD47220DAC2DA00B6162D /* PushNotificationPayload.apns */ = {isa = PBXFileReference; lastKnownFileType = text; path = PushNotificationPayload.apns; sourceTree = "<group>"; };
		AE59E38720D40DB40041E002 /* RandomQuotes.app */ = {isa = PBXFileReference; explicitFileType = wrapper.application; includeInIndex = 0; path = RandomQuotes.app; sourceTree = BUILT_PRODUCTS_DIR; };
		AE59E38A20D40DB40041E002 /* AppDelegate.swift */ = {isa = PBXFileReference; lastKnownFileType = sourcecode.swift; path = AppDelegate.swift; sourceTree = "<group>"; };
		AE59E38F20D40DB40041E002 /* Base */ = {isa = PBXFileReference; lastKnownFileType = file.storyboard; name = Base; path = Base.lproj/Main.storyboard; sourceTree = "<group>"; };
		AE59E39120D40DB70041E002 /* Assets.xcassets */ = {isa = PBXFileReference; lastKnownFileType = folder.assetcatalog; path = Assets.xcassets; sourceTree = "<group>"; };
		AE59E39420D40DB70041E002 /* Base */ = {isa = PBXFileReference; lastKnownFileType = file.storyboard; name = Base; path = Base.lproj/LaunchScreen.storyboard; sourceTree = "<group>"; };
		AE59E39620D40DB70041E002 /* Info.plist */ = {isa = PBXFileReference; lastKnownFileType = text.plist.xml; path = Info.plist; sourceTree = "<group>"; };
		AE6341EB81A30C51F383088A /* Pods-RandomQuotes.debug.xcconfig */ = {isa = PBXFileReference; includeInIndex = 1; lastKnownFileType = text.xcconfig; name = "Pods-RandomQuotes.debug.xcconfig"; path = "Pods/Target Support Files/Pods-RandomQuotes/Pods-RandomQuotes.debug.xcconfig"; sourceTree = "<group>"; };
		AE7E827620D7FC2200147930 /* RandomQuotes.entitlements */ = {isa = PBXFileReference; lastKnownFileType = text.plist.entitlements; path = RandomQuotes.entitlements; sourceTree = "<group>"; };
		AE88787420D82274001E6A24 /* Property List.plist */ = {isa = PBXFileReference; lastKnownFileType = text.plist.xml; path = "Property List.plist"; sourceTree = "<group>"; };
		AEDF4B1920D8566200EE1C08 /* RandomQuotes Widget.appex */ = {isa = PBXFileReference; explicitFileType = "wrapper.app-extension"; includeInIndex = 0; path = "RandomQuotes Widget.appex"; sourceTree = BUILT_PRODUCTS_DIR; };
		AEDF4B1A20D8566200EE1C08 /* NotificationCenter.framework */ = {isa = PBXFileReference; lastKnownFileType = wrapper.framework; name = NotificationCenter.framework; path = System/Library/Frameworks/NotificationCenter.framework; sourceTree = SDKROOT; };
		AEDF4B1D20D8566200EE1C08 /* TodayViewController.swift */ = {isa = PBXFileReference; lastKnownFileType = sourcecode.swift; path = TodayViewController.swift; sourceTree = "<group>"; };
		AEDF4B2020D8566200EE1C08 /* Base */ = {isa = PBXFileReference; lastKnownFileType = file.storyboard; name = Base; path = Base.lproj/MainInterface.storyboard; sourceTree = "<group>"; };
		AEDF4B2220D8566200EE1C08 /* Info.plist */ = {isa = PBXFileReference; lastKnownFileType = text.plist.xml; path = Info.plist; sourceTree = "<group>"; };
		AEDF4B2A20D85D3B00EE1C08 /* UserDefaultsHandle.swift */ = {isa = PBXFileReference; lastKnownFileType = sourcecode.swift; path = UserDefaultsHandle.swift; sourceTree = "<group>"; };
		AEF3343E20D43199008A081D /* Quote.swift */ = {isa = PBXFileReference; lastKnownFileType = sourcecode.swift; path = Quote.swift; sourceTree = "<group>"; };
		AEF3344020D43225008A081D /* Model.swift */ = {isa = PBXFileReference; lastKnownFileType = sourcecode.swift; path = Model.swift; sourceTree = "<group>"; };
		AEF3344220D453C4008A081D /* QuoteService.swift */ = {isa = PBXFileReference; lastKnownFileType = sourcecode.swift; path = QuoteService.swift; sourceTree = "<group>"; };
		AEF3344420D45EF3008A081D /* QuoteViewController.swift */ = {isa = PBXFileReference; lastKnownFileType = sourcecode.swift; path = QuoteViewController.swift; sourceTree = "<group>"; };
		AEF3344820D4953B008A081D /* InternetConnection.swift */ = {isa = PBXFileReference; lastKnownFileType = sourcecode.swift; path = InternetConnection.swift; sourceTree = "<group>"; };
		EC8F00E3225BA386E79F6B5F /* Pods_RandomQuotes.framework */ = {isa = PBXFileReference; explicitFileType = wrapper.framework; includeInIndex = 0; path = Pods_RandomQuotes.framework; sourceTree = BUILT_PRODUCTS_DIR; };
/* End PBXFileReference section */

/* Begin PBXFrameworksBuildPhase section */
		AE4DD46120DAC2D900B6162D /* Frameworks */ = {
			isa = PBXFrameworksBuildPhase;
			buildActionMask = 2147483647;
			files = (
			);
			runOnlyForDeploymentPostprocessing = 0;
		};
		AE59E38420D40DB40041E002 /* Frameworks */ = {
			isa = PBXFrameworksBuildPhase;
			buildActionMask = 2147483647;
			files = (
				ADE2CCA5C60D277EE4F2D0F7 /* Pods_RandomQuotes.framework in Frameworks */,
			);
			runOnlyForDeploymentPostprocessing = 0;
		};
		AEDF4B1620D8566200EE1C08 /* Frameworks */ = {
			isa = PBXFrameworksBuildPhase;
			buildActionMask = 2147483647;
			files = (
				AEDF4B1B20D8566200EE1C08 /* NotificationCenter.framework in Frameworks */,
			);
			runOnlyForDeploymentPostprocessing = 0;
		};
/* End PBXFrameworksBuildPhase section */

/* Begin PBXGroup section */
		594B1600AE149FFF69546740 /* Frameworks */ = {
			isa = PBXGroup;
			children = (
				EC8F00E3225BA386E79F6B5F /* Pods_RandomQuotes.framework */,
				AEDF4B1A20D8566200EE1C08 /* NotificationCenter.framework */,
			);
			name = Frameworks;
			sourceTree = "<group>";
		};
		852F673F1B9EC9F3FCD33B09 /* Pods */ = {
			isa = PBXGroup;
			children = (
				AE6341EB81A30C51F383088A /* Pods-RandomQuotes.debug.xcconfig */,
				7BD8DB612EF85E3FF91CC144 /* Pods-RandomQuotes.release.xcconfig */,
			);
			name = Pods;
			sourceTree = "<group>";
		};
		AE4DD45920DAC2D600B6162D /* RandomQuotes Watch */ = {
			isa = PBXGroup;
			children = (
				AE4DD45A20DAC2D600B6162D /* Interface.storyboard */,
				AE4DD45D20DAC2D900B6162D /* Assets.xcassets */,
				AE4DD45F20DAC2D900B6162D /* Info.plist */,
			);
			path = "RandomQuotes Watch";
			sourceTree = "<group>";
		};
		AE4DD46820DAC2D900B6162D /* RandomQuotes Watch Extension */ = {
			isa = PBXGroup;
			children = (
				AE4DD46920DAC2D900B6162D /* InterfaceController.swift */,
				AE4DD46B20DAC2D900B6162D /* ExtensionDelegate.swift */,
				AE4DD46D20DAC2D900B6162D /* NotificationController.swift */,
				AE4DD46F20DAC2DA00B6162D /* Assets.xcassets */,
				AE4DD47120DAC2DA00B6162D /* Info.plist */,
				AE4DD47220DAC2DA00B6162D /* PushNotificationPayload.apns */,
			);
			path = "RandomQuotes Watch Extension";
			sourceTree = "<group>";
		};
		AE59E37E20D40DB40041E002 = {
			isa = PBXGroup;
			children = (
				AE59E38920D40DB40041E002 /* RandomQuotes */,
				AEDF4B1C20D8566200EE1C08 /* RandomQuotes Widget */,
				AE4DD45920DAC2D600B6162D /* RandomQuotes Watch */,
				AE4DD46820DAC2D900B6162D /* RandomQuotes Watch Extension */,
				AE59E38820D40DB40041E002 /* Products */,
				852F673F1B9EC9F3FCD33B09 /* Pods */,
				594B1600AE149FFF69546740 /* Frameworks */,
			);
			sourceTree = "<group>";
		};
		AE59E38820D40DB40041E002 /* Products */ = {
			isa = PBXGroup;
			children = (
				AE59E38720D40DB40041E002 /* RandomQuotes.app */,
				AEDF4B1920D8566200EE1C08 /* RandomQuotes Widget.appex */,
				AE4DD45820DAC2D600B6162D /* RandomQuotes Watch.app */,
				AE4DD46420DAC2D900B6162D /* RandomQuotes Watch Extension.appex */,
			);
			name = Products;
			sourceTree = "<group>";
		};
		AE59E38920D40DB40041E002 /* RandomQuotes */ = {
			isa = PBXGroup;
			children = (
				AE7E827620D7FC2200147930 /* RandomQuotes.entitlements */,
				AE7C8CC520D9BCAB00A633D1 /* SupportingFiles */,
				AE7C8CC620D9BCC600A633D1 /* Service */,
				AE7C8CC720D9BCD700A633D1 /* Model */,
				AE7C8CC820D9BCE900A633D1 /* View */,
				AE7C8CC920D9BCF700A633D1 /* Controller */,
				AE59E39120D40DB70041E002 /* Assets.xcassets */,
				AE59E39620D40DB70041E002 /* Info.plist */,
				AE88787420D82274001E6A24 /* Property List.plist */,
			);
			path = RandomQuotes;
			sourceTree = "<group>";
		};
		AE7C8CC520D9BCAB00A633D1 /* SupportingFiles */ = {
			isa = PBXGroup;
			children = (
				AEF3344820D4953B008A081D /* InternetConnection.swift */,
				AE59E38A20D40DB40041E002 /* AppDelegate.swift */,
				AEF3343E20D43199008A081D /* Quote.swift */,
				AEDF4B2A20D85D3B00EE1C08 /* UserDefaultsHandle.swift */,
			);
			path = SupportingFiles;
			sourceTree = "<group>";
		};
		AE7C8CC620D9BCC600A633D1 /* Service */ = {
			isa = PBXGroup;
			children = (
				AEF3344220D453C4008A081D /* QuoteService.swift */,
			);
			path = Service;
			sourceTree = "<group>";
		};
		AE7C8CC720D9BCD700A633D1 /* Model */ = {
			isa = PBXGroup;
			children = (
				AEF3344020D43225008A081D /* Model.swift */,
			);
			path = Model;
			sourceTree = "<group>";
		};
		AE7C8CC820D9BCE900A633D1 /* View */ = {
			isa = PBXGroup;
			children = (
				AE59E38E20D40DB40041E002 /* Main.storyboard */,
				AE59E39320D40DB70041E002 /* LaunchScreen.storyboard */,
			);
			path = View;
			sourceTree = "<group>";
		};
		AE7C8CC920D9BCF700A633D1 /* Controller */ = {
			isa = PBXGroup;
			children = (
				AEF3344420D45EF3008A081D /* QuoteViewController.swift */,
			);
			path = Controller;
			sourceTree = "<group>";
		};
		AEDF4B1C20D8566200EE1C08 /* RandomQuotes Widget */ = {
			isa = PBXGroup;
			children = (
				AE4C4B7620D9267D003AF2DB /* RandomQuotes Widget.entitlements */,
				AEDF4B1D20D8566200EE1C08 /* TodayViewController.swift */,
				AEDF4B1F20D8566200EE1C08 /* MainInterface.storyboard */,
				AEDF4B2220D8566200EE1C08 /* Info.plist */,
			);
			path = "RandomQuotes Widget";
			sourceTree = "<group>";
		};
/* End PBXGroup section */

/* Begin PBXNativeTarget section */
		AE4DD45720DAC2D600B6162D /* RandomQuotes Watch */ = {
			isa = PBXNativeTarget;
			buildConfigurationList = AE4DD47C20DAC2DA00B6162D /* Build configuration list for PBXNativeTarget "RandomQuotes Watch" */;
			buildPhases = (
				AE4DD45620DAC2D600B6162D /* Resources */,
				AE4DD47B20DAC2DA00B6162D /* Embed App Extensions */,
			);
			buildRules = (
			);
			dependencies = (
				AE4DD46720DAC2D900B6162D /* PBXTargetDependency */,
			);
			name = "RandomQuotes Watch";
			productName = "RandomQuotes Watch";
			productReference = AE4DD45820DAC2D600B6162D /* RandomQuotes Watch.app */;
			productType = "com.apple.product-type.application.watchapp2";
		};
		AE4DD46320DAC2D900B6162D /* RandomQuotes Watch Extension */ = {
			isa = PBXNativeTarget;
			buildConfigurationList = AE4DD47A20DAC2DA00B6162D /* Build configuration list for PBXNativeTarget "RandomQuotes Watch Extension" */;
			buildPhases = (
				AE4DD46020DAC2D900B6162D /* Sources */,
				AE4DD46120DAC2D900B6162D /* Frameworks */,
				AE4DD46220DAC2D900B6162D /* Resources */,
			);
			buildRules = (
			);
			dependencies = (
			);
			name = "RandomQuotes Watch Extension";
			productName = "RandomQuotes Watch Extension";
			productReference = AE4DD46420DAC2D900B6162D /* RandomQuotes Watch Extension.appex */;
			productType = "com.apple.product-type.watchkit2-extension";
		};
		AE59E38620D40DB40041E002 /* RandomQuotes */ = {
			isa = PBXNativeTarget;
			buildConfigurationList = AE59E39920D40DB70041E002 /* Build configuration list for PBXNativeTarget "RandomQuotes" */;
			buildPhases = (
				6EF8143ABD47A7E49B3F7B6E /* [CP] Check Pods Manifest.lock */,
				AE59E38320D40DB40041E002 /* Sources */,
				AE59E38420D40DB40041E002 /* Frameworks */,
				AE59E38520D40DB40041E002 /* Resources */,
				24882CC674BB6F13185BF7C7 /* [CP] Embed Pods Frameworks */,
				AE59E39C20D40EEC0041E002 /* ShellScript */,
				AEDF4B2920D8566200EE1C08 /* Embed App Extensions */,
				AE4DD47D20DAC2DA00B6162D /* Embed Watch Content */,
			);
			buildRules = (
			);
			dependencies = (
				AEDF4B2420D8566200EE1C08 /* PBXTargetDependency */,
				AE4DD47420DAC2DA00B6162D /* PBXTargetDependency */,
			);
			name = RandomQuotes;
			productName = RandomQuotes;
			productReference = AE59E38720D40DB40041E002 /* RandomQuotes.app */;
			productType = "com.apple.product-type.application";
		};
		AEDF4B1820D8566200EE1C08 /* RandomQuotes Widget */ = {
			isa = PBXNativeTarget;
			buildConfigurationList = AEDF4B2620D8566200EE1C08 /* Build configuration list for PBXNativeTarget "RandomQuotes Widget" */;
			buildPhases = (
				AEDF4B1520D8566200EE1C08 /* Sources */,
				AEDF4B1620D8566200EE1C08 /* Frameworks */,
				AEDF4B1720D8566200EE1C08 /* Resources */,
			);
			buildRules = (
			);
			dependencies = (
			);
			name = "RandomQuotes Widget";
			productName = "RandomQuotes Widget";
			productReference = AEDF4B1920D8566200EE1C08 /* RandomQuotes Widget.appex */;
			productType = "com.apple.product-type.app-extension";
		};
/* End PBXNativeTarget section */

/* Begin PBXProject section */
		AE59E37F20D40DB40041E002 /* Project object */ = {
			isa = PBXProject;
			attributes = {
				LastSwiftUpdateCheck = 0940;
				LastUpgradeCheck = 0940;
				ORGANIZATIONNAME = "Matheus Garcia";
				TargetAttributes = {
					AE4DD45720DAC2D600B6162D = {
						CreatedOnToolsVersion = 9.4.1;
					};
					AE4DD46320DAC2D900B6162D = {
						CreatedOnToolsVersion = 9.4.1;
					};
					AE59E38620D40DB40041E002 = {
						CreatedOnToolsVersion = 9.4.1;
						SystemCapabilities = {
							com.apple.ApplicationGroups.iOS = {
								enabled = 1;
							};
							com.apple.Siri = {
								enabled = 0;
							};
						};
					};
					AEDF4B1820D8566200EE1C08 = {
						CreatedOnToolsVersion = 9.4.1;
						SystemCapabilities = {
							com.apple.ApplicationGroups.iOS = {
								enabled = 1;
							};
						};
					};
				};
			};
			buildConfigurationList = AE59E38220D40DB40041E002 /* Build configuration list for PBXProject "RandomQuotes" */;
			compatibilityVersion = "Xcode 9.3";
			developmentRegion = en;
			hasScannedForEncodings = 0;
			knownRegions = (
				en,
				Base,
			);
			mainGroup = AE59E37E20D40DB40041E002;
			productRefGroup = AE59E38820D40DB40041E002 /* Products */;
			projectDirPath = "";
			projectRoot = "";
			targets = (
				AE59E38620D40DB40041E002 /* RandomQuotes */,
				AEDF4B1820D8566200EE1C08 /* RandomQuotes Widget */,
				AE4DD45720DAC2D600B6162D /* RandomQuotes Watch */,
				AE4DD46320DAC2D900B6162D /* RandomQuotes Watch Extension */,
			);
		};
/* End PBXProject section */

/* Begin PBXResourcesBuildPhase section */
		AE4DD45620DAC2D600B6162D /* Resources */ = {
			isa = PBXResourcesBuildPhase;
			buildActionMask = 2147483647;
			files = (
				AE4DD45E20DAC2D900B6162D /* Assets.xcassets in Resources */,
				AE4DD45C20DAC2D600B6162D /* Interface.storyboard in Resources */,
			);
			runOnlyForDeploymentPostprocessing = 0;
		};
		AE4DD46220DAC2D900B6162D /* Resources */ = {
			isa = PBXResourcesBuildPhase;
			buildActionMask = 2147483647;
			files = (
				AE4DD47020DAC2DA00B6162D /* Assets.xcassets in Resources */,
			);
			runOnlyForDeploymentPostprocessing = 0;
		};
		AE59E38520D40DB40041E002 /* Resources */ = {
			isa = PBXResourcesBuildPhase;
			buildActionMask = 2147483647;
			files = (
				AE59E39520D40DB70041E002 /* LaunchScreen.storyboard in Resources */,
				AE59E39220D40DB70041E002 /* Assets.xcassets in Resources */,
				AE88787520D82274001E6A24 /* Property List.plist in Resources */,
				AE59E39020D40DB40041E002 /* Main.storyboard in Resources */,
			);
			runOnlyForDeploymentPostprocessing = 0;
		};
		AEDF4B1720D8566200EE1C08 /* Resources */ = {
			isa = PBXResourcesBuildPhase;
			buildActionMask = 2147483647;
			files = (
				AE4C4B9E20D92D44003AF2DB /* Assets.xcassets in Resources */,
				AEDF4B2120D8566200EE1C08 /* MainInterface.storyboard in Resources */,
			);
			runOnlyForDeploymentPostprocessing = 0;
		};
/* End PBXResourcesBuildPhase section */

/* Begin PBXShellScriptBuildPhase section */
		24882CC674BB6F13185BF7C7 /* [CP] Embed Pods Frameworks */ = {
			isa = PBXShellScriptBuildPhase;
			buildActionMask = 2147483647;
			files = (
			);
			inputPaths = (
				"${SRCROOT}/Pods/Target Support Files/Pods-RandomQuotes/Pods-RandomQuotes-frameworks.sh",
				"${BUILT_PRODUCTS_DIR}/Alamofire/Alamofire.framework",
			);
			name = "[CP] Embed Pods Frameworks";
			outputPaths = (
				"${TARGET_BUILD_DIR}/${FRAMEWORKS_FOLDER_PATH}/Alamofire.framework",
			);
			runOnlyForDeploymentPostprocessing = 0;
			shellPath = /bin/sh;
			shellScript = "\"${SRCROOT}/Pods/Target Support Files/Pods-RandomQuotes/Pods-RandomQuotes-frameworks.sh\"\n";
			showEnvVarsInLog = 0;
		};
		6EF8143ABD47A7E49B3F7B6E /* [CP] Check Pods Manifest.lock */ = {
			isa = PBXShellScriptBuildPhase;
			buildActionMask = 2147483647;
			files = (
			);
			inputPaths = (
				"${PODS_PODFILE_DIR_PATH}/Podfile.lock",
				"${PODS_ROOT}/Manifest.lock",
			);
			name = "[CP] Check Pods Manifest.lock";
			outputPaths = (
				"$(DERIVED_FILE_DIR)/Pods-RandomQuotes-checkManifestLockResult.txt",
			);
			runOnlyForDeploymentPostprocessing = 0;
			shellPath = /bin/sh;
			shellScript = "diff \"${PODS_PODFILE_DIR_PATH}/Podfile.lock\" \"${PODS_ROOT}/Manifest.lock\" > /dev/null\nif [ $? != 0 ] ; then\n    # print error to STDERR\n    echo \"error: The sandbox is not in sync with the Podfile.lock. Run 'pod install' or update your CocoaPods installation.\" >&2\n    exit 1\nfi\n# This output is used by Xcode 'outputs' to avoid re-running this script phase.\necho \"SUCCESS\" > \"${SCRIPT_OUTPUT_FILE_0}\"\n";
			showEnvVarsInLog = 0;
		};
		AE59E39C20D40EEC0041E002 /* ShellScript */ = {
			isa = PBXShellScriptBuildPhase;
			buildActionMask = 2147483647;
			files = (
			);
			inputPaths = (
			);
			outputPaths = (
			);
			runOnlyForDeploymentPostprocessing = 0;
			shellPath = /bin/sh;
			shellScript = "\"${PODS_ROOT}/SwiftLint/swiftlint\"";
		};
/* End PBXShellScriptBuildPhase section */

/* Begin PBXSourcesBuildPhase section */
		AE4DD46020DAC2D900B6162D /* Sources */ = {
			isa = PBXSourcesBuildPhase;
			buildActionMask = 2147483647;
			files = (
				AE4DD46E20DAC2D900B6162D /* NotificationController.swift in Sources */,
				AE4DD46C20DAC2D900B6162D /* ExtensionDelegate.swift in Sources */,
				AE4DD46A20DAC2D900B6162D /* InterfaceController.swift in Sources */,
			);
			runOnlyForDeploymentPostprocessing = 0;
		};
		AE59E38320D40DB40041E002 /* Sources */ = {
			isa = PBXSourcesBuildPhase;
			buildActionMask = 2147483647;
			files = (
				AEF3344920D4953B008A081D /* InternetConnection.swift in Sources */,
				AEF3343F20D43199008A081D /* Quote.swift in Sources */,
				AEF3344320D453C4008A081D /* QuoteService.swift in Sources */,
				AEF3344520D45EF3008A081D /* QuoteViewController.swift in Sources */,
				AE59E38B20D40DB40041E002 /* AppDelegate.swift in Sources */,
				AEDF4B2B20D85D3B00EE1C08 /* UserDefaultsHandle.swift in Sources */,
				AEF3344120D43225008A081D /* Model.swift in Sources */,
			);
			runOnlyForDeploymentPostprocessing = 0;
		};
		AEDF4B1520D8566200EE1C08 /* Sources */ = {
			isa = PBXSourcesBuildPhase;
			buildActionMask = 2147483647;
			files = (
				AE4C4B7520D92466003AF2DB /* Quote.swift in Sources */,
				AEDF4B1E20D8566200EE1C08 /* TodayViewController.swift in Sources */,
			);
			runOnlyForDeploymentPostprocessing = 0;
		};
/* End PBXSourcesBuildPhase section */

/* Begin PBXTargetDependency section */
		AE4DD46720DAC2D900B6162D /* PBXTargetDependency */ = {
			isa = PBXTargetDependency;
			target = AE4DD46320DAC2D900B6162D /* RandomQuotes Watch Extension */;
			targetProxy = AE4DD46620DAC2D900B6162D /* PBXContainerItemProxy */;
		};
		AE4DD47420DAC2DA00B6162D /* PBXTargetDependency */ = {
			isa = PBXTargetDependency;
			target = AE4DD45720DAC2D600B6162D /* RandomQuotes Watch */;
			targetProxy = AE4DD47320DAC2DA00B6162D /* PBXContainerItemProxy */;
		};
		AEDF4B2420D8566200EE1C08 /* PBXTargetDependency */ = {
			isa = PBXTargetDependency;
			target = AEDF4B1820D8566200EE1C08 /* RandomQuotes Widget */;
			targetProxy = AEDF4B2320D8566200EE1C08 /* PBXContainerItemProxy */;
		};
/* End PBXTargetDependency section */

/* Begin PBXVariantGroup section */
		AE4DD45A20DAC2D600B6162D /* Interface.storyboard */ = {
			isa = PBXVariantGroup;
			children = (
				AE4DD45B20DAC2D600B6162D /* Base */,
			);
			name = Interface.storyboard;
			sourceTree = "<group>";
		};
		AE59E38E20D40DB40041E002 /* Main.storyboard */ = {
			isa = PBXVariantGroup;
			children = (
				AE59E38F20D40DB40041E002 /* Base */,
			);
			name = Main.storyboard;
			sourceTree = "<group>";
		};
		AE59E39320D40DB70041E002 /* LaunchScreen.storyboard */ = {
			isa = PBXVariantGroup;
			children = (
				AE59E39420D40DB70041E002 /* Base */,
			);
			name = LaunchScreen.storyboard;
			sourceTree = "<group>";
		};
		AEDF4B1F20D8566200EE1C08 /* MainInterface.storyboard */ = {
			isa = PBXVariantGroup;
			children = (
				AEDF4B2020D8566200EE1C08 /* Base */,
			);
			name = MainInterface.storyboard;
			sourceTree = "<group>";
		};
/* End PBXVariantGroup section */

/* Begin XCBuildConfiguration section */
		AE4DD47620DAC2DA00B6162D /* Debug */ = {
			isa = XCBuildConfiguration;
			buildSettings = {
				ALWAYS_EMBED_SWIFT_STANDARD_LIBRARIES = YES;
				ASSETCATALOG_COMPILER_APPICON_NAME = AppIcon;
				CODE_SIGN_STYLE = Automatic;
				DEVELOPMENT_TEAM = 3W69VTQXGX;
				IBSC_MODULE = RandomQuotes_Watch_Extension;
				INFOPLIST_FILE = "RandomQuotes Watch/Info.plist";
				PRODUCT_BUNDLE_IDENTIFIER = com.matheuspgarcia.randomQuotes.watchkitapp;
				PRODUCT_NAME = "$(TARGET_NAME)";
				SDKROOT = watchos;
				SKIP_INSTALL = YES;
				SWIFT_VERSION = 4.0;
				TARGETED_DEVICE_FAMILY = 4;
				WATCHOS_DEPLOYMENT_TARGET = 4.3;
			};
			name = Debug;
		};
		AE4DD47720DAC2DA00B6162D /* Release */ = {
			isa = XCBuildConfiguration;
			buildSettings = {
				ALWAYS_EMBED_SWIFT_STANDARD_LIBRARIES = YES;
				ASSETCATALOG_COMPILER_APPICON_NAME = AppIcon;
				CODE_SIGN_STYLE = Automatic;
				DEVELOPMENT_TEAM = 3W69VTQXGX;
				IBSC_MODULE = RandomQuotes_Watch_Extension;
				INFOPLIST_FILE = "RandomQuotes Watch/Info.plist";
				PRODUCT_BUNDLE_IDENTIFIER = com.matheuspgarcia.randomQuotes.watchkitapp;
				PRODUCT_NAME = "$(TARGET_NAME)";
				SDKROOT = watchos;
				SKIP_INSTALL = YES;
				SWIFT_VERSION = 4.0;
				TARGETED_DEVICE_FAMILY = 4;
				WATCHOS_DEPLOYMENT_TARGET = 4.3;
			};
			name = Release;
		};
		AE4DD47820DAC2DA00B6162D /* Debug */ = {
			isa = XCBuildConfiguration;
			buildSettings = {
				ASSETCATALOG_COMPILER_COMPLICATION_NAME = Complication;
				CODE_SIGN_STYLE = Automatic;
				DEVELOPMENT_TEAM = 3W69VTQXGX;
				INFOPLIST_FILE = "RandomQuotes Watch Extension/Info.plist";
				LD_RUNPATH_SEARCH_PATHS = (
					"$(inherited)",
					"@executable_path/Frameworks",
					"@executable_path/../../Frameworks",
				);
				PRODUCT_BUNDLE_IDENTIFIER = com.matheuspgarcia.randomQuotes.watchkitapp.watchkitextension;
				PRODUCT_NAME = "${TARGET_NAME}";
				SDKROOT = watchos;
				SKIP_INSTALL = YES;
				SWIFT_VERSION = 4.0;
				TARGETED_DEVICE_FAMILY = 4;
				WATCHOS_DEPLOYMENT_TARGET = 4.3;
			};
			name = Debug;
		};
		AE4DD47920DAC2DA00B6162D /* Release */ = {
			isa = XCBuildConfiguration;
			buildSettings = {
				ASSETCATALOG_COMPILER_COMPLICATION_NAME = Complication;
				CODE_SIGN_STYLE = Automatic;
				DEVELOPMENT_TEAM = 3W69VTQXGX;
				INFOPLIST_FILE = "RandomQuotes Watch Extension/Info.plist";
				LD_RUNPATH_SEARCH_PATHS = (
					"$(inherited)",
					"@executable_path/Frameworks",
					"@executable_path/../../Frameworks",
				);
				PRODUCT_BUNDLE_IDENTIFIER = com.matheuspgarcia.randomQuotes.watchkitapp.watchkitextension;
				PRODUCT_NAME = "${TARGET_NAME}";
				SDKROOT = watchos;
				SKIP_INSTALL = YES;
				SWIFT_VERSION = 4.0;
				TARGETED_DEVICE_FAMILY = 4;
				WATCHOS_DEPLOYMENT_TARGET = 4.3;
			};
			name = Release;
		};
		AE59E39720D40DB70041E002 /* Debug */ = {
			isa = XCBuildConfiguration;
			buildSettings = {
				ALWAYS_SEARCH_USER_PATHS = NO;
				CLANG_ANALYZER_NONNULL = YES;
				CLANG_ANALYZER_NUMBER_OBJECT_CONVERSION = YES_AGGRESSIVE;
				CLANG_CXX_LANGUAGE_STANDARD = "gnu++14";
				CLANG_CXX_LIBRARY = "libc++";
				CLANG_ENABLE_MODULES = YES;
				CLANG_ENABLE_OBJC_ARC = YES;
				CLANG_ENABLE_OBJC_WEAK = YES;
				CLANG_WARN_BLOCK_CAPTURE_AUTORELEASING = YES;
				CLANG_WARN_BOOL_CONVERSION = YES;
				CLANG_WARN_COMMA = YES;
				CLANG_WARN_CONSTANT_CONVERSION = YES;
				CLANG_WARN_DEPRECATED_OBJC_IMPLEMENTATIONS = YES;
				CLANG_WARN_DIRECT_OBJC_ISA_USAGE = YES_ERROR;
				CLANG_WARN_DOCUMENTATION_COMMENTS = YES;
				CLANG_WARN_EMPTY_BODY = YES;
				CLANG_WARN_ENUM_CONVERSION = YES;
				CLANG_WARN_INFINITE_RECURSION = YES;
				CLANG_WARN_INT_CONVERSION = YES;
				CLANG_WARN_NON_LITERAL_NULL_CONVERSION = YES;
				CLANG_WARN_OBJC_IMPLICIT_RETAIN_SELF = YES;
				CLANG_WARN_OBJC_LITERAL_CONVERSION = YES;
				CLANG_WARN_OBJC_ROOT_CLASS = YES_ERROR;
				CLANG_WARN_RANGE_LOOP_ANALYSIS = YES;
				CLANG_WARN_STRICT_PROTOTYPES = YES;
				CLANG_WARN_SUSPICIOUS_MOVE = YES;
				CLANG_WARN_UNGUARDED_AVAILABILITY = YES_AGGRESSIVE;
				CLANG_WARN_UNREACHABLE_CODE = YES;
				CLANG_WARN__DUPLICATE_METHOD_MATCH = YES;
				CODE_SIGN_IDENTITY = "iPhone Developer";
				COPY_PHASE_STRIP = NO;
				DEBUG_INFORMATION_FORMAT = dwarf;
				ENABLE_STRICT_OBJC_MSGSEND = YES;
				ENABLE_TESTABILITY = YES;
				GCC_C_LANGUAGE_STANDARD = gnu11;
				GCC_DYNAMIC_NO_PIC = NO;
				GCC_NO_COMMON_BLOCKS = YES;
				GCC_OPTIMIZATION_LEVEL = 0;
				GCC_PREPROCESSOR_DEFINITIONS = (
					"DEBUG=1",
					"$(inherited)",
				);
				GCC_WARN_64_TO_32_BIT_CONVERSION = YES;
				GCC_WARN_ABOUT_RETURN_TYPE = YES_ERROR;
				GCC_WARN_UNDECLARED_SELECTOR = YES;
				GCC_WARN_UNINITIALIZED_AUTOS = YES_AGGRESSIVE;
				GCC_WARN_UNUSED_FUNCTION = YES;
				GCC_WARN_UNUSED_VARIABLE = YES;
				IPHONEOS_DEPLOYMENT_TARGET = 11.4;
				MTL_ENABLE_DEBUG_INFO = YES;
				ONLY_ACTIVE_ARCH = YES;
				SDKROOT = iphoneos;
				STRIP_BITCODE_FROM_COPIED_FILES = NO;
				SWIFT_ACTIVE_COMPILATION_CONDITIONS = DEBUG;
				SWIFT_OPTIMIZATION_LEVEL = "-Onone";
			};
			name = Debug;
		};
		AE59E39820D40DB70041E002 /* Release */ = {
			isa = XCBuildConfiguration;
			buildSettings = {
				ALWAYS_SEARCH_USER_PATHS = NO;
				CLANG_ANALYZER_NONNULL = YES;
				CLANG_ANALYZER_NUMBER_OBJECT_CONVERSION = YES_AGGRESSIVE;
				CLANG_CXX_LANGUAGE_STANDARD = "gnu++14";
				CLANG_CXX_LIBRARY = "libc++";
				CLANG_ENABLE_MODULES = YES;
				CLANG_ENABLE_OBJC_ARC = YES;
				CLANG_ENABLE_OBJC_WEAK = YES;
				CLANG_WARN_BLOCK_CAPTURE_AUTORELEASING = YES;
				CLANG_WARN_BOOL_CONVERSION = YES;
				CLANG_WARN_COMMA = YES;
				CLANG_WARN_CONSTANT_CONVERSION = YES;
				CLANG_WARN_DEPRECATED_OBJC_IMPLEMENTATIONS = YES;
				CLANG_WARN_DIRECT_OBJC_ISA_USAGE = YES_ERROR;
				CLANG_WARN_DOCUMENTATION_COMMENTS = YES;
				CLANG_WARN_EMPTY_BODY = YES;
				CLANG_WARN_ENUM_CONVERSION = YES;
				CLANG_WARN_INFINITE_RECURSION = YES;
				CLANG_WARN_INT_CONVERSION = YES;
				CLANG_WARN_NON_LITERAL_NULL_CONVERSION = YES;
				CLANG_WARN_OBJC_IMPLICIT_RETAIN_SELF = YES;
				CLANG_WARN_OBJC_LITERAL_CONVERSION = YES;
				CLANG_WARN_OBJC_ROOT_CLASS = YES_ERROR;
				CLANG_WARN_RANGE_LOOP_ANALYSIS = YES;
				CLANG_WARN_STRICT_PROTOTYPES = YES;
				CLANG_WARN_SUSPICIOUS_MOVE = YES;
				CLANG_WARN_UNGUARDED_AVAILABILITY = YES_AGGRESSIVE;
				CLANG_WARN_UNREACHABLE_CODE = YES;
				CLANG_WARN__DUPLICATE_METHOD_MATCH = YES;
				CODE_SIGN_IDENTITY = "iPhone Developer";
				COPY_PHASE_STRIP = NO;
				DEBUG_INFORMATION_FORMAT = "dwarf-with-dsym";
				ENABLE_NS_ASSERTIONS = NO;
				ENABLE_STRICT_OBJC_MSGSEND = YES;
				GCC_C_LANGUAGE_STANDARD = gnu11;
				GCC_NO_COMMON_BLOCKS = YES;
				GCC_WARN_64_TO_32_BIT_CONVERSION = YES;
				GCC_WARN_ABOUT_RETURN_TYPE = YES_ERROR;
				GCC_WARN_UNDECLARED_SELECTOR = YES;
				GCC_WARN_UNINITIALIZED_AUTOS = YES_AGGRESSIVE;
				GCC_WARN_UNUSED_FUNCTION = YES;
				GCC_WARN_UNUSED_VARIABLE = YES;
				IPHONEOS_DEPLOYMENT_TARGET = 11.4;
				MTL_ENABLE_DEBUG_INFO = NO;
				SDKROOT = iphoneos;
				STRIP_BITCODE_FROM_COPIED_FILES = NO;
				SWIFT_COMPILATION_MODE = wholemodule;
				SWIFT_OPTIMIZATION_LEVEL = "-O";
				VALIDATE_PRODUCT = YES;
			};
			name = Release;
		};
		AE59E39A20D40DB70041E002 /* Debug */ = {
			isa = XCBuildConfiguration;
			baseConfigurationReference = AE6341EB81A30C51F383088A /* Pods-RandomQuotes.debug.xcconfig */;
			buildSettings = {
				ALWAYS_EMBED_SWIFT_STANDARD_LIBRARIES = YES;
				ASSETCATALOG_COMPILER_APPICON_NAME = AppIcon;
				CODE_SIGN_ENTITLEMENTS = RandomQuotes/RandomQuotes.entitlements;
				CODE_SIGN_STYLE = Automatic;
				DEVELOPMENT_TEAM = 3W69VTQXGX;
				INFOPLIST_FILE = RandomQuotes/Info.plist;
				LD_RUNPATH_SEARCH_PATHS = (
					"$(inherited)",
					"@executable_path/Frameworks",
				);
				PRODUCT_BUNDLE_IDENTIFIER = com.matheuspgarcia.randomQuotes;
				PRODUCT_NAME = "$(TARGET_NAME)";
				SWIFT_VERSION = 4.0;
				TARGETED_DEVICE_FAMILY = "1,2";
			};
			name = Debug;
		};
		AE59E39B20D40DB70041E002 /* Release */ = {
			isa = XCBuildConfiguration;
			baseConfigurationReference = 7BD8DB612EF85E3FF91CC144 /* Pods-RandomQuotes.release.xcconfig */;
			buildSettings = {
				ALWAYS_EMBED_SWIFT_STANDARD_LIBRARIES = YES;
				ASSETCATALOG_COMPILER_APPICON_NAME = AppIcon;
				CODE_SIGN_ENTITLEMENTS = RandomQuotes/RandomQuotes.entitlements;
				CODE_SIGN_STYLE = Automatic;
				DEVELOPMENT_TEAM = 3W69VTQXGX;
				INFOPLIST_FILE = RandomQuotes/Info.plist;
				LD_RUNPATH_SEARCH_PATHS = (
					"$(inherited)",
					"@executable_path/Frameworks",
				);
				PRODUCT_BUNDLE_IDENTIFIER = com.matheuspgarcia.randomQuotes;
				PRODUCT_NAME = "$(TARGET_NAME)";
				SWIFT_VERSION = 4.0;
				TARGETED_DEVICE_FAMILY = "1,2";
			};
			name = Release;
		};
		AEDF4B2720D8566200EE1C08 /* Debug */ = {
			isa = XCBuildConfiguration;
			buildSettings = {
				CODE_SIGN_ENTITLEMENTS = "RandomQuotes Widget/RandomQuotes Widget.entitlements";
				CODE_SIGN_STYLE = Automatic;
				DEVELOPMENT_TEAM = 3W69VTQXGX;
				INFOPLIST_FILE = "RandomQuotes Widget/Info.plist";
				LD_RUNPATH_SEARCH_PATHS = (
					"$(inherited)",
					"@executable_path/Frameworks",
					"@executable_path/../../Frameworks",
				);
				PRODUCT_BUNDLE_IDENTIFIER = "com.matheuspgarcia.randomQuotes.RandomQuotes-Widget";
				PRODUCT_NAME = "$(TARGET_NAME)";
				SKIP_INSTALL = YES;
				SWIFT_VERSION = 4.0;
				TARGETED_DEVICE_FAMILY = "1,2";
			};
			name = Debug;
		};
		AEDF4B2820D8566200EE1C08 /* Release */ = {
			isa = XCBuildConfiguration;
			buildSettings = {
				CODE_SIGN_ENTITLEMENTS = "RandomQuotes Widget/RandomQuotes Widget.entitlements";
				CODE_SIGN_STYLE = Automatic;
				DEVELOPMENT_TEAM = 3W69VTQXGX;
				INFOPLIST_FILE = "RandomQuotes Widget/Info.plist";
				LD_RUNPATH_SEARCH_PATHS = (
					"$(inherited)",
					"@executable_path/Frameworks",
					"@executable_path/../../Frameworks",
				);
				PRODUCT_BUNDLE_IDENTIFIER = "com.matheuspgarcia.randomQuotes.RandomQuotes-Widget";
				PRODUCT_NAME = "$(TARGET_NAME)";
				SKIP_INSTALL = YES;
				SWIFT_VERSION = 4.0;
				TARGETED_DEVICE_FAMILY = "1,2";
			};
			name = Release;
		};
/* End XCBuildConfiguration section */

/* Begin XCConfigurationList section */
		AE4DD47A20DAC2DA00B6162D /* Build configuration list for PBXNativeTarget "RandomQuotes Watch Extension" */ = {
			isa = XCConfigurationList;
			buildConfigurations = (
				AE4DD47820DAC2DA00B6162D /* Debug */,
				AE4DD47920DAC2DA00B6162D /* Release */,
			);
			defaultConfigurationIsVisible = 0;
			defaultConfigurationName = Release;
		};
		AE4DD47C20DAC2DA00B6162D /* Build configuration list for PBXNativeTarget "RandomQuotes Watch" */ = {
			isa = XCConfigurationList;
			buildConfigurations = (
				AE4DD47620DAC2DA00B6162D /* Debug */,
				AE4DD47720DAC2DA00B6162D /* Release */,
			);
			defaultConfigurationIsVisible = 0;
			defaultConfigurationName = Release;
		};
		AE59E38220D40DB40041E002 /* Build configuration list for PBXProject "RandomQuotes" */ = {
			isa = XCConfigurationList;
			buildConfigurations = (
				AE59E39720D40DB70041E002 /* Debug */,
				AE59E39820D40DB70041E002 /* Release */,
			);
			defaultConfigurationIsVisible = 0;
			defaultConfigurationName = Release;
		};
		AE59E39920D40DB70041E002 /* Build configuration list for PBXNativeTarget "RandomQuotes" */ = {
			isa = XCConfigurationList;
			buildConfigurations = (
				AE59E39A20D40DB70041E002 /* Debug */,
				AE59E39B20D40DB70041E002 /* Release */,
			);
			defaultConfigurationIsVisible = 0;
			defaultConfigurationName = Release;
		};
		AEDF4B2620D8566200EE1C08 /* Build configuration list for PBXNativeTarget "RandomQuotes Widget" */ = {
			isa = XCConfigurationList;
			buildConfigurations = (
				AEDF4B2720D8566200EE1C08 /* Debug */,
				AEDF4B2820D8566200EE1C08 /* Release */,
			);
			defaultConfigurationIsVisible = 0;
			defaultConfigurationName = Release;
		};
/* End XCConfigurationList section */
	};
	rootObject = AE59E37F20D40DB40041E002 /* Project object */;
}
