// !$*UTF8*$!
{
	archiveVersion = 1;
	classes = {
	};
	objectVersion = 50;
	objects = {

/* Begin PBXBuildFile section */
		ADE2CCA5C60D277EE4F2D0F7 /* Pods_RandomQuotes.framework in Frameworks */ = {isa = PBXBuildFile; fileRef = EC8F00E3225BA386E79F6B5F /* Pods_RandomQuotes.framework */; };
		AE59E38B20D40DB40041E002 /* AppDelegate.swift in Sources */ = {isa = PBXBuildFile; fileRef = AE59E38A20D40DB40041E002 /* AppDelegate.swift */; };
		AE59E38D20D40DB40041E002 /* ViewController.swift in Sources */ = {isa = PBXBuildFile; fileRef = AE59E38C20D40DB40041E002 /* ViewController.swift */; };
		AE59E39020D40DB40041E002 /* Main.storyboard in Resources */ = {isa = PBXBuildFile; fileRef = AE59E38E20D40DB40041E002 /* Main.storyboard */; };
		AE59E39220D40DB70041E002 /* Assets.xcassets in Resources */ = {isa = PBXBuildFile; fileRef = AE59E39120D40DB70041E002 /* Assets.xcassets */; };
		AE59E39520D40DB70041E002 /* LaunchScreen.storyboard in Resources */ = {isa = PBXBuildFile; fileRef = AE59E39320D40DB70041E002 /* LaunchScreen.storyboard */; };
/* End PBXBuildFile section */

/* Begin PBXFileReference section */
		7BD8DB612EF85E3FF91CC144 /* Pods-RandomQuotes.release.xcconfig */ = {isa = PBXFileReference; includeInIndex = 1; lastKnownFileType = text.xcconfig; name = "Pods-RandomQuotes.release.xcconfig"; path = "Pods/Target Support Files/Pods-RandomQuotes/Pods-RandomQuotes.release.xcconfig"; sourceTree = "<group>"; };
		AE59E38720D40DB40041E002 /* RandomQuotes.app */ = {isa = PBXFileReference; explicitFileType = wrapper.application; includeInIndex = 0; path = RandomQuotes.app; sourceTree = BUILT_PRODUCTS_DIR; };
		AE59E38A20D40DB40041E002 /* AppDelegate.swift */ = {isa = PBXFileReference; lastKnownFileType = sourcecode.swift; path = AppDelegate.swift; sourceTree = "<group>"; };
		AE59E38C20D40DB40041E002 /* ViewController.swift */ = {isa = PBXFileReference; lastKnownFileType = sourcecode.swift; path = ViewController.swift; sourceTree = "<group>"; };
		AE59E38F20D40DB40041E002 /* Base */ = {isa = PBXFileReference; lastKnownFileType = file.storyboard; name = Base; path = Base.lproj/Main.storyboard; sourceTree = "<group>"; };
		AE59E39120D40DB70041E002 /* Assets.xcassets */ = {isa = PBXFileReference; lastKnownFileType = folder.assetcatalog; path = Assets.xcassets; sourceTree = "<group>"; };
		AE59E39420D40DB70041E002 /* Base */ = {isa = PBXFileReference; lastKnownFileType = file.storyboard; name = Base; path = Base.lproj/LaunchScreen.storyboard; sourceTree = "<group>"; };
		AE59E39620D40DB70041E002 /* Info.plist */ = {isa = PBXFileReference; lastKnownFileType = text.plist.xml; path = Info.plist; sourceTree = "<group>"; };
		AE6341EB81A30C51F383088A /* Pods-RandomQuotes.debug.xcconfig */ = {isa = PBXFileReference; includeInIndex = 1; lastKnownFileType = text.xcconfig; name = "Pods-RandomQuotes.debug.xcconfig"; path = "Pods/Target Support Files/Pods-RandomQuotes/Pods-RandomQuotes.debug.xcconfig"; sourceTree = "<group>"; };
		EC8F00E3225BA386E79F6B5F /* Pods_RandomQuotes.framework */ = {isa = PBXFileReference; explicitFileType = wrapper.framework; includeInIndex = 0; path = Pods_RandomQuotes.framework; sourceTree = BUILT_PRODUCTS_DIR; };
/* End PBXFileReference section */

/* Begin PBXFrameworksBuildPhase section */
		AE59E38420D40DB40041E002 /* Frameworks */ = {
			isa = PBXFrameworksBuildPhase;
			buildActionMask = 2147483647;
			files = (
				ADE2CCA5C60D277EE4F2D0F7 /* Pods_RandomQuotes.framework in Frameworks */,
			);
			runOnlyForDeploymentPostprocessing = 0;
		};
/* End PBXFrameworksBuildPhase section */

/* Begin PBXGroup section */
		594B1600AE149FFF69546740 /* Frameworks */ = {
			isa = PBXGroup;
			children = (
				EC8F00E3225BA386E79F6B5F /* Pods_RandomQuotes.framework */,
			);
			name = Frameworks;
			sourceTree = "<group>";
		};
		852F673F1B9EC9F3FCD33B09 /* Pods */ = {
			isa = PBXGroup;
			children = (
				AE6341EB81A30C51F383088A /* Pods-RandomQuotes.debug.xcconfig */,
				7BD8DB612EF85E3FF91CC144 /* Pods-RandomQuotes.release.xcconfig */,
			);
			name = Pods;
			sourceTree = "<group>";
		};
		AE59E37E20D40DB40041E002 = {
			isa = PBXGroup;
			children = (
				AE59E38920D40DB40041E002 /* RandomQuotes */,
				AE59E38820D40DB40041E002 /* Products */,
				852F673F1B9EC9F3FCD33B09 /* Pods */,
				594B1600AE149FFF69546740 /* Frameworks */,
			);
			sourceTree = "<group>";
		};
		AE59E38820D40DB40041E002 /* Products */ = {
			isa = PBXGroup;
			children = (
				AE59E38720D40DB40041E002 /* RandomQuotes.app */,
			);
			name = Products;
			sourceTree = "<group>";
		};
		AE59E38920D40DB40041E002 /* RandomQuotes */ = {
			isa = PBXGroup;
			children = (
				AE59E38A20D40DB40041E002 /* AppDelegate.swift */,
				AE59E38C20D40DB40041E002 /* ViewController.swift */,
				AE59E38E20D40DB40041E002 /* Main.storyboard */,
				AE59E39120D40DB70041E002 /* Assets.xcassets */,
				AE59E39320D40DB70041E002 /* LaunchScreen.storyboard */,
				AE59E39620D40DB70041E002 /* Info.plist */,
			);
			path = RandomQuotes;
			sourceTree = "<group>";
		};
/* End PBXGroup section */

/* Begin PBXNativeTarget section */
		AE59E38620D40DB40041E002 /* RandomQuotes */ = {
			isa = PBXNativeTarget;
			buildConfigurationList = AE59E39920D40DB70041E002 /* Build configuration list for PBXNativeTarget "RandomQuotes" */;
			buildPhases = (
				6EF8143ABD47A7E49B3F7B6E /* [CP] Check Pods Manifest.lock */,
				AE59E38320D40DB40041E002 /* Sources */,
				AE59E38420D40DB40041E002 /* Frameworks */,
				AE59E38520D40DB40041E002 /* Resources */,
				24882CC674BB6F13185BF7C7 /* [CP] Embed Pods Frameworks */,
				AE59E39C20D40EEC0041E002 /* ShellScript */,
			);
			buildRules = (
			);
			dependencies = (
			);
			name = RandomQuotes;
			productName = RandomQuotes;
			productReference = AE59E38720D40DB40041E002 /* RandomQuotes.app */;
			productType = "com.apple.product-type.application";
		};
/* End PBXNativeTarget section */

/* Begin PBXProject section */
		AE59E37F20D40DB40041E002 /* Project object */ = {
			isa = PBXProject;
			attributes = {
				LastSwiftUpdateCheck = 0940;
				LastUpgradeCheck = 0940;
				ORGANIZATIONNAME = "Matheus Garcia";
				TargetAttributes = {
					AE59E38620D40DB40041E002 = {
						CreatedOnToolsVersion = 9.4.1;
					};
				};
			};
			buildConfigurationList = AE59E38220D40DB40041E002 /* Build configuration list for PBXProject "RandomQuotes" */;
			compatibilityVersion = "Xcode 9.3";
			developmentRegion = en;
			hasScannedForEncodings = 0;
			knownRegions = (
				en,
				Base,
			);
			mainGroup = AE59E37E20D40DB40041E002;
			productRefGroup = AE59E38820D40DB40041E002 /* Products */;
			projectDirPath = "";
			projectRoot = "";
			targets = (
				AE59E38620D40DB40041E002 /* RandomQuotes */,
			);
		};
/* End PBXProject section */

/* Begin PBXResourcesBuildPhase section */
		AE59E38520D40DB40041E002 /* Resources */ = {
			isa = PBXResourcesBuildPhase;
			buildActionMask = 2147483647;
			files = (
				AE59E39520D40DB70041E002 /* LaunchScreen.storyboard in Resources */,
				AE59E39220D40DB70041E002 /* Assets.xcassets in Resources */,
				AE59E39020D40DB40041E002 /* Main.storyboard in Resources */,
			);
			runOnlyForDeploymentPostprocessing = 0;
		};
/* End PBXResourcesBuildPhase section */

/* Begin PBXShellScriptBuildPhase section */
		24882CC674BB6F13185BF7C7 /* [CP] Embed Pods Frameworks */ = {
			isa = PBXShellScriptBuildPhase;
			buildActionMask = 2147483647;
			files = (
			);
			inputPaths = (
				"${SRCROOT}/Pods/Target Support Files/Pods-RandomQuotes/Pods-RandomQuotes-frameworks.sh",
				"${BUILT_PRODUCTS_DIR}/Alamofire/Alamofire.framework",
			);
			name = "[CP] Embed Pods Frameworks";
			outputPaths = (
				"${TARGET_BUILD_DIR}/${FRAMEWORKS_FOLDER_PATH}/Alamofire.framework",
			);
			runOnlyForDeploymentPostprocessing = 0;
			shellPath = /bin/sh;
			shellScript = "\"${SRCROOT}/Pods/Target Support Files/Pods-RandomQuotes/Pods-RandomQuotes-frameworks.sh\"\n";
			showEnvVarsInLog = 0;
		};
		6EF8143ABD47A7E49B3F7B6E /* [CP] Check Pods Manifest.lock */ = {
			isa = PBXShellScriptBuildPhase;
			buildActionMask = 2147483647;
			files = (
			);
			inputPaths = (
				"${PODS_PODFILE_DIR_PATH}/Podfile.lock",
				"${PODS_ROOT}/Manifest.lock",
			);
			name = "[CP] Check Pods Manifest.lock";
			outputPaths = (
				"$(DERIVED_FILE_DIR)/Pods-RandomQuotes-checkManifestLockResult.txt",
			);
			runOnlyForDeploymentPostprocessing = 0;
			shellPath = /bin/sh;
			shellScript = "diff \"${PODS_PODFILE_DIR_PATH}/Podfile.lock\" \"${PODS_ROOT}/Manifest.lock\" > /dev/null\nif [ $? != 0 ] ; then\n    # print error to STDERR\n    echo \"error: The sandbox is not in sync with the Podfile.lock. Run 'pod install' or update your CocoaPods installation.\" >&2\n    exit 1\nfi\n# This output is used by Xcode 'outputs' to avoid re-running this script phase.\necho \"SUCCESS\" > \"${SCRIPT_OUTPUT_FILE_0}\"\n";
			showEnvVarsInLog = 0;
		};
		AE59E39C20D40EEC0041E002 /* ShellScript */ = {
			isa = PBXShellScriptBuildPhase;
			buildActionMask = 2147483647;
			files = (
			);
			inputPaths = (
			);
			outputPaths = (
			);
			runOnlyForDeploymentPostprocessing = 0;
			shellPath = /bin/sh;
			shellScript = "\"${PODS_ROOT}/SwiftLint/swiftlint\"";
		};
/* End PBXShellScriptBuildPhase section */

/* Begin PBXSourcesBuildPhase section */
		AE59E38320D40DB40041E002 /* Sources */ = {
			isa = PBXSourcesBuildPhase;
			buildActionMask = 2147483647;
			files = (
				AE59E38D20D40DB40041E002 /* ViewController.swift in Sources */,
				AE59E38B20D40DB40041E002 /* AppDelegate.swift in Sources */,
			);
			runOnlyForDeploymentPostprocessing = 0;
		};
/* End PBXSourcesBuildPhase section */

/* Begin PBXVariantGroup section */
		AE59E38E20D40DB40041E002 /* Main.storyboard */ = {
			isa = PBXVariantGroup;
			children = (
				AE59E38F20D40DB40041E002 /* Base */,
			);
			name = Main.storyboard;
			sourceTree = "<group>";
		};
		AE59E39320D40DB70041E002 /* LaunchScreen.storyboard */ = {
			isa = PBXVariantGroup;
			children = (
				AE59E39420D40DB70041E002 /* Base */,
			);
			name = LaunchScreen.storyboard;
			sourceTree = "<group>";
		};
/* End PBXVariantGroup section */

/* Begin XCBuildConfiguration section */
		AE59E39720D40DB70041E002 /* Debug */ = {
			isa = XCBuildConfiguration;
			buildSettings = {
				ALWAYS_SEARCH_USER_PATHS = NO;
				CLANG_ANALYZER_NONNULL = YES;
				CLANG_ANALYZER_NUMBER_OBJECT_CONVERSION = YES_AGGRESSIVE;
				CLANG_CXX_LANGUAGE_STANDARD = "gnu++14";
				CLANG_CXX_LIBRARY = "libc++";
				CLANG_ENABLE_MODULES = YES;
				CLANG_ENABLE_OBJC_ARC = YES;
				CLANG_ENABLE_OBJC_WEAK = YES;
				CLANG_WARN_BLOCK_CAPTURE_AUTORELEASING = YES;
				CLANG_WARN_BOOL_CONVERSION = YES;
				CLANG_WARN_COMMA = YES;
				CLANG_WARN_CONSTANT_CONVERSION = YES;
				CLANG_WARN_DEPRECATED_OBJC_IMPLEMENTATIONS = YES;
				CLANG_WARN_DIRECT_OBJC_ISA_USAGE = YES_ERROR;
				CLANG_WARN_DOCUMENTATION_COMMENTS = YES;
				CLANG_WARN_EMPTY_BODY = YES;
				CLANG_WARN_ENUM_CONVERSION = YES;
				CLANG_WARN_INFINITE_RECURSION = YES;
				CLANG_WARN_INT_CONVERSION = YES;
				CLANG_WARN_NON_LITERAL_NULL_CONVERSION = YES;
				CLANG_WARN_OBJC_IMPLICIT_RETAIN_SELF = YES;
				CLANG_WARN_OBJC_LITERAL_CONVERSION = YES;
				CLANG_WARN_OBJC_ROOT_CLASS = YES_ERROR;
				CLANG_WARN_RANGE_LOOP_ANALYSIS = YES;
				CLANG_WARN_STRICT_PROTOTYPES = YES;
				CLANG_WARN_SUSPICIOUS_MOVE = YES;
				CLANG_WARN_UNGUARDED_AVAILABILITY = YES_AGGRESSIVE;
				CLANG_WARN_UNREACHABLE_CODE = YES;
				CLANG_WARN__DUPLICATE_METHOD_MATCH = YES;
				CODE_SIGN_IDENTITY = "iPhone Developer";
				COPY_PHASE_STRIP = NO;
				DEBUG_INFORMATION_FORMAT = dwarf;
				ENABLE_STRICT_OBJC_MSGSEND = YES;
				ENABLE_TESTABILITY = YES;
				GCC_C_LANGUAGE_STANDARD = gnu11;
				GCC_DYNAMIC_NO_PIC = NO;
				GCC_NO_COMMON_BLOCKS = YES;
				GCC_OPTIMIZATION_LEVEL = 0;
				GCC_PREPROCESSOR_DEFINITIONS = (
					"DEBUG=1",
					"$(inherited)",
				);
				GCC_WARN_64_TO_32_BIT_CONVERSION = YES;
				GCC_WARN_ABOUT_RETURN_TYPE = YES_ERROR;
				GCC_WARN_UNDECLARED_SELECTOR = YES;
				GCC_WARN_UNINITIALIZED_AUTOS = YES_AGGRESSIVE;
				GCC_WARN_UNUSED_FUNCTION = YES;
				GCC_WARN_UNUSED_VARIABLE = YES;
				IPHONEOS_DEPLOYMENT_TARGET = 11.4;
				MTL_ENABLE_DEBUG_INFO = YES;
				ONLY_ACTIVE_ARCH = YES;
				SDKROOT = iphoneos;
				SWIFT_ACTIVE_COMPILATION_CONDITIONS = DEBUG;
				SWIFT_OPTIMIZATION_LEVEL = "-Onone";
			};
			name = Debug;
		};
		AE59E39820D40DB70041E002 /* Release */ = {
			isa = XCBuildConfiguration;
			buildSettings = {
				ALWAYS_SEARCH_USER_PATHS = NO;
				CLANG_ANALYZER_NONNULL = YES;
				CLANG_ANALYZER_NUMBER_OBJECT_CONVERSION = YES_AGGRESSIVE;
				CLANG_CXX_LANGUAGE_STANDARD = "gnu++14";
				CLANG_CXX_LIBRARY = "libc++";
				CLANG_ENABLE_MODULES = YES;
				CLANG_ENABLE_OBJC_ARC = YES;
				CLANG_ENABLE_OBJC_WEAK = YES;
				CLANG_WARN_BLOCK_CAPTURE_AUTORELEASING = YES;
				CLANG_WARN_BOOL_CONVERSION = YES;
				CLANG_WARN_COMMA = YES;
				CLANG_WARN_CONSTANT_CONVERSION = YES;
				CLANG_WARN_DEPRECATED_OBJC_IMPLEMENTATIONS = YES;
				CLANG_WARN_DIRECT_OBJC_ISA_USAGE = YES_ERROR;
				CLANG_WARN_DOCUMENTATION_COMMENTS = YES;
				CLANG_WARN_EMPTY_BODY = YES;
				CLANG_WARN_ENUM_CONVERSION = YES;
				CLANG_WARN_INFINITE_RECURSION = YES;
				CLANG_WARN_INT_CONVERSION = YES;
				CLANG_WARN_NON_LITERAL_NULL_CONVERSION = YES;
				CLANG_WARN_OBJC_IMPLICIT_RETAIN_SELF = YES;
				CLANG_WARN_OBJC_LITERAL_CONVERSION = YES;
				CLANG_WARN_OBJC_ROOT_CLASS = YES_ERROR;
				CLANG_WARN_RANGE_LOOP_ANALYSIS = YES;
				CLANG_WARN_STRICT_PROTOTYPES = YES;
				CLANG_WARN_SUSPICIOUS_MOVE = YES;
				CLANG_WARN_UNGUARDED_AVAILABILITY = YES_AGGRESSIVE;
				CLANG_WARN_UNREACHABLE_CODE = YES;
				CLANG_WARN__DUPLICATE_METHOD_MATCH = YES;
				CODE_SIGN_IDENTITY = "iPhone Developer";
				COPY_PHASE_STRIP = NO;
				DEBUG_INFORMATION_FORMAT = "dwarf-with-dsym";
				ENABLE_NS_ASSERTIONS = NO;
				ENABLE_STRICT_OBJC_MSGSEND = YES;
				GCC_C_LANGUAGE_STANDARD = gnu11;
				GCC_NO_COMMON_BLOCKS = YES;
				GCC_WARN_64_TO_32_BIT_CONVERSION = YES;
				GCC_WARN_ABOUT_RETURN_TYPE = YES_ERROR;
				GCC_WARN_UNDECLARED_SELECTOR = YES;
				GCC_WARN_UNINITIALIZED_AUTOS = YES_AGGRESSIVE;
				GCC_WARN_UNUSED_FUNCTION = YES;
				GCC_WARN_UNUSED_VARIABLE = YES;
				IPHONEOS_DEPLOYMENT_TARGET = 11.4;
				MTL_ENABLE_DEBUG_INFO = NO;
				SDKROOT = iphoneos;
				SWIFT_COMPILATION_MODE = wholemodule;
				SWIFT_OPTIMIZATION_LEVEL = "-O";
				VALIDATE_PRODUCT = YES;
			};
			name = Release;
		};
		AE59E39A20D40DB70041E002 /* Debug */ = {
			isa = XCBuildConfiguration;
			baseConfigurationReference = AE6341EB81A30C51F383088A /* Pods-RandomQuotes.debug.xcconfig */;
			buildSettings = {
				ASSETCATALOG_COMPILER_APPICON_NAME = AppIcon;
				CODE_SIGN_STYLE = Automatic;
				DEVELOPMENT_TEAM = 3W69VTQXGX;
				INFOPLIST_FILE = RandomQuotes/Info.plist;
				LD_RUNPATH_SEARCH_PATHS = (
					"$(inherited)",
					"@executable_path/Frameworks",
				);
				PRODUCT_BUNDLE_IDENTIFIER = br.org.eldorado.org..RandomQuotes;
				PRODUCT_NAME = "$(TARGET_NAME)";
				SWIFT_VERSION = 4.0;
				TARGETED_DEVICE_FAMILY = "1,2";
			};
			name = Debug;
		};
		AE59E39B20D40DB70041E002 /* Release */ = {
			isa = XCBuildConfiguration;
			baseConfigurationReference = 7BD8DB612EF85E3FF91CC144 /* Pods-RandomQuotes.release.xcconfig */;
			buildSettings = {
				ASSETCATALOG_COMPILER_APPICON_NAME = AppIcon;
				CODE_SIGN_STYLE = Automatic;
				DEVELOPMENT_TEAM = 3W69VTQXGX;
				INFOPLIST_FILE = RandomQuotes/Info.plist;
				LD_RUNPATH_SEARCH_PATHS = (
					"$(inherited)",
					"@executable_path/Frameworks",
				);
				PRODUCT_BUNDLE_IDENTIFIER = br.org.eldorado.org..RandomQuotes;
				PRODUCT_NAME = "$(TARGET_NAME)";
				SWIFT_VERSION = 4.0;
				TARGETED_DEVICE_FAMILY = "1,2";
			};
			name = Release;
		};
/* End XCBuildConfiguration section */

/* Begin XCConfigurationList section */
		AE59E38220D40DB40041E002 /* Build configuration list for PBXProject "RandomQuotes" */ = {
			isa = XCConfigurationList;
			buildConfigurations = (
				AE59E39720D40DB70041E002 /* Debug */,
				AE59E39820D40DB70041E002 /* Release */,
			);
			defaultConfigurationIsVisible = 0;
			defaultConfigurationName = Release;
		};
		AE59E39920D40DB70041E002 /* Build configuration list for PBXNativeTarget "RandomQuotes" */ = {
			isa = XCConfigurationList;
			buildConfigurations = (
				AE59E39A20D40DB70041E002 /* Debug */,
				AE59E39B20D40DB70041E002 /* Release */,
			);
			defaultConfigurationIsVisible = 0;
			defaultConfigurationName = Release;
		};
/* End XCConfigurationList section */
	};
	rootObject = AE59E37F20D40DB40041E002 /* Project object */;
}
